lockfileVersion: '6.0'

settings:
  autoInstallPeers: true
  excludeLinksFromLockfile: false

dependencies:
  commander:
    specifier: ^12.0.0
    version: 12.0.0
  edge.js:
    specifier: ^6.0.2
    version: 6.0.2

packages:

  /@lukeed/ms@2.0.2:
    resolution: {integrity: sha512-9I2Zn6+NJLfaGoz9jN3lpwDgAYvfGeNYdbAIjJOqzs4Tpc+VU3Jqq4IofSUBKajiDS8k9fZIg18/z13mpk1bsA==}
    engines: {node: '>=8'}
    dev: false

  /@poppinss/inspect@1.0.1:
    resolution: {integrity: sha512-kLeEaBSGhlleyYvKc7c9s3uE6xv7cwyulE0EgHf4jU/CL96h0yC4mkdw1wvC1l1PYYQozCGy46FwMBAAMOobCA==}
    dev: false

  /@poppinss/macroable@1.0.2:
    resolution: {integrity: sha512-xhhEcEvhQC8mP5oOr5hbE4CmUgmw/IPV1jhpGg2xSkzoFrt9i8YVqBQt9744EFesi5F7pBheWozg63RUBM/5JA==}
    engines: {node: '>=18.16.0'}
    dev: false

  /@poppinss/utils@6.7.3:
    resolution: {integrity: sha512-zQnhVG4Q+n6+V1vrL/TF1Oy8ZcVVGUs49Sj5OBgoari/q42UiG/rht1DRvoeWd9bT1BBDwxO2vcfxj6C0u/Dgg==}
    engines: {node: '>=18.16.0'}
    dependencies:
      '@lukeed/ms': 2.0.2
      '@types/bytes': 3.1.4
      '@types/pluralize': 0.0.33
      bytes: 3.1.2
      case-anything: 2.1.13
      flattie: 1.1.1
      pluralize: 8.0.0
      safe-stable-stringify: 2.4.3
      secure-json-parse: 2.7.0
      slash: 5.1.0
      slugify: 1.6.6
      truncatise: 0.0.8
    dev: false

  /@types/bytes@3.1.4:
    resolution: {integrity: sha512-A0uYgOj3zNc4hNjHc5lYUfJQ/HVyBXiUMKdXd7ysclaE6k9oJdavQzODHuwjpUu2/boCP8afjQYi8z/GtvNCWA==}
    dev: false

  /@types/pluralize@0.0.33:
    resolution: {integrity: sha512-JOqsl+ZoCpP4e8TDke9W79FDcSgPAR0l6pixx2JHkhnRjvShyYiAYw2LVsnA7K08Y6DeOnaU6ujmENO4os/cYg==}
    dev: false

  /acorn@8.11.3:
    resolution: {integrity: sha512-Y9rRfJG5jcKOE0CLisYbojUjIrIEE7AGMzA/Sm4BslANhbS+cDMpgBdcPT91oJ7OuJ9hYJBx59RjbhxVnrF8Xg==}
    engines: {node: '>=0.4.0'}
    hasBin: true
    dev: false

  /astring@1.8.6:
    resolution: {integrity: sha512-ISvCdHdlTDlH5IpxQJIex7BWBywFWgjJSVdwst+/iQCoEYnyOaQ95+X1JGshuBjGp6nxKUy1jMgE3zPqN7fQdg==}
    hasBin: true
    dev: false

  /bytes@3.1.2:
    resolution: {integrity: sha512-/Nf7TyzTx6S3yRJObOAV7956r8cr2+Oj8AC5dt8wSP3BQAoeX58NoHyCU8P8zGkNXStjTSi6fzO6F0pBdcYbEg==}
    engines: {node: '>= 0.8'}
    dev: false

  /case-anything@2.1.13:
    resolution: {integrity: sha512-zlOQ80VrQ2Ue+ymH5OuM/DlDq64mEm+B9UTdHULv5osUMD6HalNTblf2b1u/m6QecjsnOkBpqVZ+XPwIVsy7Ng==}
    engines: {node: '>=12.13'}
    dev: false

  /classnames@2.5.1:
    resolution: {integrity: sha512-saHYOzhIQs6wy2sVxTM6bUDsQO4F50V9RQ22qBpEdCW+I+/Wmke2HOl6lS6dTpdxVhb88/I6+Hs+438c3lfUow==}
    dev: false

  /commander@12.0.0:
    resolution: {integrity: sha512-MwVNWlYjDTtOjX5PiD7o5pK0UrFU/OYgcJfjjK4RaHZETNtjJqrZa9Y9ds88+A+f+d5lv+561eZ+yCKoS3gbAA==}
    engines: {node: '>=18'}
    dev: false

  /edge-error@4.0.1:
    resolution: {integrity: sha512-z5mNO97k8hRVpJ6Ew1qbkMTfQ44CwuWnl+ShMCrEFgD+b324CnjBS6HbiR+Wh6Wcmw9C+/XsFBHzZ+376PpD/w==}
    engines: {node: '>=18.16.0'}
    dev: false

  /edge-lexer@6.0.1:
    resolution: {integrity: sha512-iYPlo+EyERGL4cICzqXIYVxMB6sSOXazpAqkqN4YcLtwR7K1i1KcwNkSy36T40BYvP7UjjjjAVnz+fk3NEWH9Q==}
    engines: {node: '>=18.16.0'}
    dependencies:
      edge-error: 4.0.1
    dev: false

  /edge-parser@9.0.2:
    resolution: {integrity: sha512-4lFpBf/tCM7q5v+00+sudIIA956neWR7iJLbtQ3cEwl6GMg+s9ZgqiLur3z04SI5MSTGLqa2xsR6SgU/rR5g5Q==}
    engines: {node: '>=18.16.0'}
    dependencies:
      acorn: 8.11.3
      astring: 1.8.6
      edge-error: 4.0.1
      edge-lexer: 6.0.1
      js-stringify: 1.0.2
    dev: false

  /edge.js@6.0.2:
    resolution: {integrity: sha512-qH226BetmQq2LZYEPnoZzZBQqnTWVy/hdsM9GYReYci0FaqAwnabhqMdDfJyzYJJrbb9p67UtgZFBtt0A0k/KA==}
    engines: {node: '>=18.16.0'}
    dependencies:
      '@poppinss/inspect': 1.0.1
      '@poppinss/macroable': 1.0.2
      '@poppinss/utils': 6.7.3
      classnames: 2.5.1
      edge-error: 4.0.1
      edge-lexer: 6.0.1
      edge-parser: 9.0.2
      fs-readdir-recursive: 1.1.0
      he: 1.2.0
      js-stringify: 1.0.2
      property-information: 6.5.0
      stringify-attributes: 4.0.0
    dev: false

  /escape-goat@4.0.0:
    resolution: {integrity: sha512-2Sd4ShcWxbx6OY1IHyla/CVNwvg7XwZVoXZHcSu9w9SReNP1EzzD5T8NWKIR38fIqEns9kDWKUQTXXAmlDrdPg==}
    engines: {node: '>=12'}
    dev: false

  /flattie@1.1.1:
    resolution: {integrity: sha512-9UbaD6XdAL97+k/n+N7JwX46K/M6Zc6KcFYskrYL8wbBV/Uyk0CTAMY0VT+qiK5PM7AIc9aTWYtq65U7T+aCNQ==}
    engines: {node: '>=8'}
    dev: false

  /fs-readdir-recursive@1.1.0:
    resolution: {integrity: sha512-GNanXlVr2pf02+sPN40XN8HG+ePaNcvM0q5mZBd668Obwb0yD5GiUbZOFgwn8kGMY6I3mdyDJzieUy3PTYyTRA==}
    dev: false

  /he@1.2.0:
    resolution: {integrity: sha512-F/1DnUGPopORZi0ni+CvrCgHQ5FyEAHRLSApuYWMmrbSwoN2Mn/7k+Gl38gJnR7yyDZk6WLXwiGod1JOWNDKGw==}
    hasBin: true
    dev: false

  /js-stringify@1.0.2:
    resolution: {integrity: sha512-rtS5ATOo2Q5k1G+DADISilDA6lv79zIiwFd6CcjuIxGKLFm5C+RLImRscVap9k55i+MOZwgliw+NejvkLuGD5g==}
    dev: false

  /pluralize@8.0.0:
    resolution: {integrity: sha512-Nc3IT5yHzflTfbjgqWcCPpo7DaKy4FnpB0l/zCAW0Tc7jxAiuqSxHasntB3D7887LSrA93kDJ9IXovxJYxyLCA==}
    engines: {node: '>=4'}
    dev: false

  /property-information@6.5.0:
    resolution: {integrity: sha512-PgTgs/BlvHxOu8QuEN7wi5A0OmXaBcHpmCSTehcs6Uuu9IkDIEo13Hy7n898RHfrQ49vKCoGeWZSaAK01nwVig==}
    dev: false

  /safe-stable-stringify@2.4.3:
    resolution: {integrity: sha512-e2bDA2WJT0wxseVd4lsDP4+3ONX6HpMXQa1ZhFQ7SU+GjvORCmShbCMltrtIDfkYhVHrOcPtj+KhmDBdPdZD1g==}
    engines: {node: '>=10'}
    dev: false

  /secure-json-parse@2.7.0:
    resolution: {integrity: sha512-6aU+Rwsezw7VR8/nyvKTx8QpWH9FrcYiXXlqC4z5d5XQBDRqtbfsRjnwGyqbi3gddNtWHuEk9OANUotL26qKUw==}
    dev: false

  /slash@5.1.0:
    resolution: {integrity: sha512-ZA6oR3T/pEyuqwMgAKT0/hAv8oAXckzbkmR0UkUosQ+Mc4RxGoJkRmwHgHufaenlyAgE1Mxgpdcrf75y6XcnDg==}
    engines: {node: '>=14.16'}
    dev: false

  /slugify@1.6.6:
    resolution: {integrity: sha512-h+z7HKHYXj6wJU+AnS/+IH8Uh9fdcX1Lrhg1/VMdf9PwoBQXFcXiAdsy2tSK0P6gKwJLXp02r90ahUCqHk9rrw==}
    engines: {node: '>=8.0.0'}
    dev: false

  /stringify-attributes@4.0.0:
    resolution: {integrity: sha512-6Hq3K153wTTfhEHb4V/viuqmb0DRn08JCrRnmqc4Q/tmoNuvd4DEyqkiiJXtvVz8ZSUhlCQr7zCpCVTgrelesg==}
    engines: {node: '>=14.16'}
    dependencies:
      escape-goat: 4.0.0
    dev: false

  /truncatise@0.0.8:
    resolution: {integrity: sha512-cXzueh9pzBCsLzhToB4X4gZCb3KYkrsAcBAX97JnazE74HOl3cpBJYEV7nabHeG/6/WXCU5Yujlde/WPBUwnsg==}
    dev: false
